{
	"name": "uni-file-admin",
	"version": "1.0.0",
	"lockfileVersion": 1,
	"requires": true,
	"dependencies": {
		"nodemailer": {
			"version": "6.5.0",
			"resolved": "https://registry.npmjs.org/nodemailer/-/nodemailer-6.5.0.tgz",
			"integrity": "sha512-Tm4RPrrIZbnqDKAvX+/4M+zovEReiKlEXWDzG4iwtpL9X34MJY+D5LnQPH/+eghe8DLlAVshHAJZAZWBGhkguw=="
		},
		"uni-cloud-router": {
			"version": "0.0.10",
			"resolved": "https://registry.npmjs.org/uni-cloud-router/-/uni-cloud-router-0.0.10.tgz",
			"integrity": "sha512-gPMYh9HF/drINWHuRqDwVQECyTiBUQFr15dndfRRQD7Jbx9rUOBAfofuKhJfS3IArrChEw6ftJ7dvFl7xmi2eA=="
		},
		"uni-id": {
			"version": "file:../../../uni_modules/uni-id/uniCloud/cloudfunctions/common/uni-id"
		}
	}
}
