# THIS IS AN AUTOGENERATED FILE. DO NOT EDIT THIS FILE DIRECTLY.
# yarn lockfile v1


uni-cloud-router@^0.0.9:
  version "0.0.9"
  resolved "https://registry.npm.taobao.org/uni-cloud-router/download/uni-cloud-router-0.0.9.tgz#6339d92edb86b55ce38012935417678107210fe8"
  integrity sha1-YznZLtuGtVzjgBKTVBdngQchD+g=
