# THIS IS AN AUTOGENERATED FILE. DO NOT EDIT THIS FILE DIRECTLY.
# yarn lockfile v1


"nodemailer@^6.5.0":
  "integrity" "sha512-Tm4RPrrIZbnqDKAvX+/4M+zovEReiKlEXWDzG4iwtpL9X34MJY+D5LnQPH/+eghe8DLlAVshHAJZAZWBGhkguw=="
  "resolved" "https://registry.npmjs.org/nodemailer/-/nodemailer-6.5.0.tgz"
  "version" "6.5.0"

"uni-cloud-router@^0.0.9":
  "integrity" "sha512-zljJbqxl8AEP1+4xGqGpdA84UX+Guz2CyYjdeHVdEUDwtVKgHEFqdQNgr5GTutAo+pCveQVThBwxvfCBBkRhzg=="
  "resolved" "https://registry.npmjs.org/uni-cloud-router/-/uni-cloud-router-0.0.9.tgz"
  "version" "0.0.9"

"uni-id@file:../../../src/uni_modules/uni-id/uniCloud/cloudfunctions/common/uni-id":
  "resolved" "file:../../../src/uni_modules/uni-id/uniCloud/cloudfunctions/common/uni-id"
  "version" "3.0.5"
