# THIS IS AN AUTOGENERATED FILE. DO NOT EDIT THIS FILE DIRECTLY.
# yarn lockfile v1


<<<<<<< HEAD
"nodemailer@^6.5.0":
  "integrity" "sha512-Tm4RPrrIZbnqDKAvX+/4M+zovEReiKlEXWDzG4iwtpL9X34MJY+D5LnQPH/+eghe8DLlAVshHAJZAZWBGhkguw=="
  "resolved" "https://registry.npmjs.org/nodemailer/-/nodemailer-6.5.0.tgz"
  "version" "6.5.0"

"uni-cloud-router@^0.0.9":
  "integrity" "sha512-zljJbqxl8AEP1+4xGqGpdA84UX+Guz2CyYjdeHVdEUDwtVKgHEFqdQNgr5GTutAo+pCveQVThBwxvfCBBkRhzg=="
  "resolved" "https://registry.npmjs.org/uni-cloud-router/-/uni-cloud-router-0.0.9.tgz"
  "version" "0.0.9"

"uni-id@file:../../../src/uni_modules/uni-id/uniCloud/cloudfunctions/common/uni-id":
  "resolved" "file:../../../src/uni_modules/uni-id/uniCloud/cloudfunctions/common/uni-id"
  "version" "3.0.5"
=======
nodemailer@^6.5.0:
  version "6.5.0"
  resolved "https://registry.yarnpkg.com/nodemailer/-/nodemailer-6.5.0.tgz#d12c28d8d48778918e25f1999d97910231b175d9"
  integrity sha512-Tm4RPrrIZbnqDKAvX+/4M+zovEReiKlEXWDzG4iwtpL9X34MJY+D5LnQPH/+eghe8DLlAVshHAJZAZWBGhkguw==

uni-cloud-router@^0.0.10:
  version "0.0.10"
  resolved "https://registry.yarnpkg.com/uni-cloud-router/-/uni-cloud-router-0.0.10.tgz#71d61d48a9e6a4315705070e8a41620ceb9f5ebb"
  integrity sha512-gPMYh9HF/drINWHuRqDwVQECyTiBUQFr15dndfRRQD7Jbx9rUOBAfofuKhJfS3IArrChEw6ftJ7dvFl7xmi2eA==

"uni-id@file:../../../uni_modules/uni-id/uniCloud/cloudfunctions/common/uni-id":
  version "3.0.5"
>>>>>>> origin/main
